
Microsoft Visual Studio Solution File, Format Version 12.00
# Visual Studio Version 16
VisualStudioVersion = 16.0.30709.64
MinimumVisualStudioVersion = 15.0.26124.0
Project("{2150E333-8FDC-42A3-9474-1A3956D46DE8}") = "perf", "perf", "{343FCEA4-CFEF-4701-9E60-683725DBC59E}"
EndProject
Project("{2150E333-8FDC-42A3-9474-1A3956D46DE8}") = "src", "src", "{E858824F-044A-4E0D-B2A3-8BBB02E32830}"
EndProject
Project("{9A19103F-16F7-4668-BE54-9A1E7A4F7556}") = "FooProtocol.Client", "src\FooProtocol.Client\FooProtocol.Client.csproj", "{2E76CDB8-708B-4E23-AAC2-E7C4BD6EC414}"
EndProject
Project("{9A19103F-16F7-4668-BE54-9A1E7A4F7556}") = "FooProtocol.Server", "src\FooProtocol.Server\FooProtocol.Server.csproj", "{BCCD62AA-FA9C-46CA-9031-E413C4AD4506}"
EndProject
Project("{2150E333-8FDC-42A3-9474-1A3956D46DE8}") = "samples", "samples", "{E93B9642-D425-49FA-A09B-59AF2B426157}"
EndProject
Project("{9A19103F-16F7-4668-BE54-9A1E7A4F7556}") = "FooProtocol.ClientSample", "samples\FooProtocol.ClientSample\FooProtocol.ClientSample.csproj", "{BDB37D51-0CD8-44EE-B7FD-03E8B3815AF0}"
EndProject
Project("{9A19103F-16F7-4668-BE54-9A1E7A4F7556}") = "FooProtocol.ServerSample", "samples\FooProtocol.ServerSample\FooProtocol.ServerSample.csproj", "{E66A9B6B-5B23-4472-AA06-0BC4F6EFBBE6}"
EndProject
Project("{9A19103F-16F7-4668-BE54-9A1E7A4F7556}") = "FooProtocol.Abstractions", "src\FooProtocol.Abstractions\FooProtocol.Abstractions.csproj", "{D0D288F4-868A-45BB-8839-814F09F379CC}"
EndProject
Project("{9A19103F-16F7-4668-BE54-9A1E7A4F7556}") = "FooProtocol.Benchmarks", "perf\FooProtocol.Benchmarks\FooProtocol.Benchmarks.csproj", "{C8AA522E-AB11-400A-B4B8-A03FC7D372FB}"
EndProject
Project("{9A19103F-16F7-4668-BE54-9A1E7A4F7556}") = "FooProtocol", "src\FooProtocol\FooProtocol.csproj", "{FF6A6889-7ED8-448D-93FC-5A9EE5BDB1E5}"
EndProject
Project("{2150E333-8FDC-42A3-9474-1A3956D46DE8}") = ".Solution Items", ".Solution Items", "{94CF2453-D256-4BB8-BCC5-5F4F37CCF6BA}"
	ProjectSection(SolutionItems) = preProject
		.editorconfig = .editorconfig
		.gitignore = .gitignore
		Directory.Build.props = Directory.Build.props
		LICENSE = LICENSE
		README.md = README.md
	EndProjectSection
EndProject
Project("{9A19103F-16F7-4668-BE54-9A1E7A4F7556}") = "FooProtocol.ServerWorkerSample", "samples\FooProtocol.ServerWorkerSample\FooProtocol.ServerWorkerSample.csproj", "{B5D231C5-093C-4229-9929-35C0088113A9}"
EndProject
Project("{9A19103F-16F7-4668-BE54-9A1E7A4F7556}") = "FooProtocol.ClientWorkerSample", "samples\FooProtocol.ClientWorkerSample\FooProtocol.ClientWorkerSample.csproj", "{BE427AFF-DCB9-4349-B173-F37DB37780C4}"
EndProject
Project("{2150E333-8FDC-42A3-9474-1A3956D46DE8}") = "test", "test", "{8D7B3195-3943-4429-BB8F-3C4CA8179988}"
	ProjectSection(SolutionItems) = preProject
		test\Directory.Build.props = test\Directory.Build.props
	EndProjectSection
EndProject
Project("{9A19103F-16F7-4668-BE54-9A1E7A4F7556}") = "FooProtocol.Abstractions.Tests", "test\FooProtocol.Abstractions.Tests\FooProtocol.Abstractions.Tests.csproj", "{B590794B-6E2A-4688-81ED-84B51C3A2485}"
EndProject
Project("{9A19103F-16F7-4668-BE54-9A1E7A4F7556}") = "FooProtocol.Client.Tests", "test\FooProtocol.Client.Tests\FooProtocol.Client.Tests.csproj", "{BD39AD6B-2071-4A58-8AF1-D08923E215DA}"
EndProject
Project("{9A19103F-16F7-4668-BE54-9A1E7A4F7556}") = "FooProtocol.Server.Tests", "test\FooProtocol.Server.Tests\FooProtocol.Server.Tests.csproj", "{7122BFED-C5D6-445D-9E9F-995085A252D6}"
EndProject
Project("{9A19103F-16F7-4668-BE54-9A1E7A4F7556}") = "FooProtocol.Tests", "test\FooProtocol.Tests\FooProtocol.Tests.csproj", "{5A5FADEE-B00D-4D4A-B3F6-A35589B98036}"
EndProject
Global
	GlobalSection(SolutionConfigurationPlatforms) = preSolution
		Debug|Any CPU = Debug|Any CPU
		Debug|x64 = Debug|x64
		Debug|x86 = Debug|x86
		Release|Any CPU = Release|Any CPU
		Release|x64 = Release|x64
		Release|x86 = Release|x86
	EndGlobalSection
	GlobalSection(ProjectConfigurationPlatforms) = postSolution
		{2E76CDB8-708B-4E23-AAC2-E7C4BD6EC414}.Debug|Any CPU.ActiveCfg = Debug|Any CPU
		{2E76CDB8-708B-4E23-AAC2-E7C4BD6EC414}.Debug|Any CPU.Build.0 = Debug|Any CPU
		{2E76CDB8-708B-4E23-AAC2-E7C4BD6EC414}.Debug|x64.ActiveCfg = Debug|Any CPU
		{2E76CDB8-708B-4E23-AAC2-E7C4BD6EC414}.Debug|x64.Build.0 = Debug|Any CPU
		{2E76CDB8-708B-4E23-AAC2-E7C4BD6EC414}.Debug|x86.ActiveCfg = Debug|Any CPU
		{2E76CDB8-708B-4E23-AAC2-E7C4BD6EC414}.Debug|x86.Build.0 = Debug|Any CPU
		{2E76CDB8-708B-4E23-AAC2-E7C4BD6EC414}.Release|Any CPU.ActiveCfg = Release|Any CPU
		{2E76CDB8-708B-4E23-AAC2-E7C4BD6EC414}.Release|Any CPU.Build.0 = Release|Any CPU
		{2E76CDB8-708B-4E23-AAC2-E7C4BD6EC414}.Release|x64.ActiveCfg = Release|Any CPU
		{2E76CDB8-708B-4E23-AAC2-E7C4BD6EC414}.Release|x64.Build.0 = Release|Any CPU
		{2E76CDB8-708B-4E23-AAC2-E7C4BD6EC414}.Release|x86.ActiveCfg = Release|Any CPU
		{2E76CDB8-708B-4E23-AAC2-E7C4BD6EC414}.Release|x86.Build.0 = Release|Any CPU
		{BCCD62AA-FA9C-46CA-9031-E413C4AD4506}.Debug|Any CPU.ActiveCfg = Debug|Any CPU
		{BCCD62AA-FA9C-46CA-9031-E413C4AD4506}.Debug|Any CPU.Build.0 = Debug|Any CPU
		{BCCD62AA-FA9C-46CA-9031-E413C4AD4506}.Debug|x64.ActiveCfg = Debug|Any CPU
		{BCCD62AA-FA9C-46CA-9031-E413C4AD4506}.Debug|x64.Build.0 = Debug|Any CPU
		{BCCD62AA-FA9C-46CA-9031-E413C4AD4506}.Debug|x86.ActiveCfg = Debug|Any CPU
		{BCCD62AA-FA9C-46CA-9031-E413C4AD4506}.Debug|x86.Build.0 = Debug|Any CPU
		{BCCD62AA-FA9C-46CA-9031-E413C4AD4506}.Release|Any CPU.ActiveCfg = Release|Any CPU
		{BCCD62AA-FA9C-46CA-9031-E413C4AD4506}.Release|Any CPU.Build.0 = Release|Any CPU
		{BCCD62AA-FA9C-46CA-9031-E413C4AD4506}.Release|x64.ActiveCfg = Release|Any CPU
		{BCCD62AA-FA9C-46CA-9031-E413C4AD4506}.Release|x64.Build.0 = Release|Any CPU
		{BCCD62AA-FA9C-46CA-9031-E413C4AD4506}.Release|x86.ActiveCfg = Release|Any CPU
		{BCCD62AA-FA9C-46CA-9031-E413C4AD4506}.Release|x86.Build.0 = Release|Any CPU
		{BDB37D51-0CD8-44EE-B7FD-03E8B3815AF0}.Debug|Any CPU.ActiveCfg = Debug|Any CPU
		{BDB37D51-0CD8-44EE-B7FD-03E8B3815AF0}.Debug|Any CPU.Build.0 = Debug|Any CPU
		{BDB37D51-0CD8-44EE-B7FD-03E8B3815AF0}.Debug|x64.ActiveCfg = Debug|Any CPU
		{BDB37D51-0CD8-44EE-B7FD-03E8B3815AF0}.Debug|x64.Build.0 = Debug|Any CPU
		{BDB37D51-0CD8-44EE-B7FD-03E8B3815AF0}.Debug|x86.ActiveCfg = Debug|Any CPU
		{BDB37D51-0CD8-44EE-B7FD-03E8B3815AF0}.Debug|x86.Build.0 = Debug|Any CPU
		{BDB37D51-0CD8-44EE-B7FD-03E8B3815AF0}.Release|Any CPU.ActiveCfg = Release|Any CPU
		{BDB37D51-0CD8-44EE-B7FD-03E8B3815AF0}.Release|Any CPU.Build.0 = Release|Any CPU
		{BDB37D51-0CD8-44EE-B7FD-03E8B3815AF0}.Release|x64.ActiveCfg = Release|Any CPU
		{BDB37D51-0CD8-44EE-B7FD-03E8B3815AF0}.Release|x64.Build.0 = Release|Any CPU
		{BDB37D51-0CD8-44EE-B7FD-03E8B3815AF0}.Release|x86.ActiveCfg = Release|Any CPU
		{BDB37D51-0CD8-44EE-B7FD-03E8B3815AF0}.Release|x86.Build.0 = Release|Any CPU
		{E66A9B6B-5B23-4472-AA06-0BC4F6EFBBE6}.Debug|Any CPU.ActiveCfg = Debug|Any CPU
		{E66A9B6B-5B23-4472-AA06-0BC4F6EFBBE6}.Debug|Any CPU.Build.0 = Debug|Any CPU
		{E66A9B6B-5B23-4472-AA06-0BC4F6EFBBE6}.Debug|x64.ActiveCfg = Debug|Any CPU
		{E66A9B6B-5B23-4472-AA06-0BC4F6EFBBE6}.Debug|x64.Build.0 = Debug|Any CPU
		{E66A9B6B-5B23-4472-AA06-0BC4F6EFBBE6}.Debug|x86.ActiveCfg = Debug|Any CPU
		{E66A9B6B-5B23-4472-AA06-0BC4F6EFBBE6}.Debug|x86.Build.0 = Debug|Any CPU
		{E66A9B6B-5B23-4472-AA06-0BC4F6EFBBE6}.Release|Any CPU.ActiveCfg = Release|Any CPU
		{E66A9B6B-5B23-4472-AA06-0BC4F6EFBBE6}.Release|Any CPU.Build.0 = Release|Any CPU
		{E66A9B6B-5B23-4472-AA06-0BC4F6EFBBE6}.Release|x64.ActiveCfg = Release|Any CPU
		{E66A9B6B-5B23-4472-AA06-0BC4F6EFBBE6}.Release|x64.Build.0 = Release|Any CPU
		{E66A9B6B-5B23-4472-AA06-0BC4F6EFBBE6}.Release|x86.ActiveCfg = Release|Any CPU
		{E66A9B6B-5B23-4472-AA06-0BC4F6EFBBE6}.Release|x86.Build.0 = Release|Any CPU
		{D0D288F4-868A-45BB-8839-814F09F379CC}.Debug|Any CPU.ActiveCfg = Debug|Any CPU
		{D0D288F4-868A-45BB-8839-814F09F379CC}.Debug|Any CPU.Build.0 = Debug|Any CPU
		{D0D288F4-868A-45BB-8839-814F09F379CC}.Debug|x64.ActiveCfg = Debug|Any CPU
		{D0D288F4-868A-45BB-8839-814F09F379CC}.Debug|x64.Build.0 = Debug|Any CPU
		{D0D288F4-868A-45BB-8839-814F09F379CC}.Debug|x86.ActiveCfg = Debug|Any CPU
		{D0D288F4-868A-45BB-8839-814F09F379CC}.Debug|x86.Build.0 = Debug|Any CPU
		{D0D288F4-868A-45BB-8839-814F09F379CC}.Release|Any CPU.ActiveCfg = Release|Any CPU
		{D0D288F4-868A-45BB-8839-814F09F379CC}.Release|Any CPU.Build.0 = Release|Any CPU
		{D0D288F4-868A-45BB-8839-814F09F379CC}.Release|x64.ActiveCfg = Release|Any CPU
		{D0D288F4-868A-45BB-8839-814F09F379CC}.Release|x64.Build.0 = Release|Any CPU
		{D0D288F4-868A-45BB-8839-814F09F379CC}.Release|x86.ActiveCfg = Release|Any CPU
		{D0D288F4-868A-45BB-8839-814F09F379CC}.Release|x86.Build.0 = Release|Any CPU
		{C8AA522E-AB11-400A-B4B8-A03FC7D372FB}.Debug|Any CPU.ActiveCfg = Debug|Any CPU
		{C8AA522E-AB11-400A-B4B8-A03FC7D372FB}.Debug|Any CPU.Build.0 = Debug|Any CPU
		{C8AA522E-AB11-400A-B4B8-A03FC7D372FB}.Debug|x64.ActiveCfg = Debug|Any CPU
		{C8AA522E-AB11-400A-B4B8-A03FC7D372FB}.Debug|x64.Build.0 = Debug|Any CPU
		{C8AA522E-AB11-400A-B4B8-A03FC7D372FB}.Debug|x86.ActiveCfg = Debug|Any CPU
		{C8AA522E-AB11-400A-B4B8-A03FC7D372FB}.Debug|x86.Build.0 = Debug|Any CPU
		{C8AA522E-AB11-400A-B4B8-A03FC7D372FB}.Release|Any CPU.ActiveCfg = Release|Any CPU
		{C8AA522E-AB11-400A-B4B8-A03FC7D372FB}.Release|Any CPU.Build.0 = Release|Any CPU
		{C8AA522E-AB11-400A-B4B8-A03FC7D372FB}.Release|x64.ActiveCfg = Release|Any CPU
		{C8AA522E-AB11-400A-B4B8-A03FC7D372FB}.Release|x64.Build.0 = Release|Any CPU
		{C8AA522E-AB11-400A-B4B8-A03FC7D372FB}.Release|x86.ActiveCfg = Release|Any CPU
		{C8AA522E-AB11-400A-B4B8-A03FC7D372FB}.Release|x86.Build.0 = Release|Any CPU
		{FF6A6889-7ED8-448D-93FC-5A9EE5BDB1E5}.Debug|Any CPU.ActiveCfg = Debug|Any CPU
		{FF6A6889-7ED8-448D-93FC-5A9EE5BDB1E5}.Debug|Any CPU.Build.0 = Debug|Any CPU
		{FF6A6889-7ED8-448D-93FC-5A9EE5BDB1E5}.Debug|x64.ActiveCfg = Debug|Any CPU
		{FF6A6889-7ED8-448D-93FC-5A9EE5BDB1E5}.Debug|x64.Build.0 = Debug|Any CPU
		{FF6A6889-7ED8-448D-93FC-5A9EE5BDB1E5}.Debug|x86.ActiveCfg = Debug|Any CPU
		{FF6A6889-7ED8-448D-93FC-5A9EE5BDB1E5}.Debug|x86.Build.0 = Debug|Any CPU
		{FF6A6889-7ED8-448D-93FC-5A9EE5BDB1E5}.Release|Any CPU.ActiveCfg = Release|Any CPU
		{FF6A6889-7ED8-448D-93FC-5A9EE5BDB1E5}.Release|Any CPU.Build.0 = Release|Any CPU
		{FF6A6889-7ED8-448D-93FC-5A9EE5BDB1E5}.Release|x64.ActiveCfg = Release|Any CPU
		{FF6A6889-7ED8-448D-93FC-5A9EE5BDB1E5}.Release|x64.Build.0 = Release|Any CPU
		{FF6A6889-7ED8-448D-93FC-5A9EE5BDB1E5}.Release|x86.ActiveCfg = Release|Any CPU
		{FF6A6889-7ED8-448D-93FC-5A9EE5BDB1E5}.Release|x86.Build.0 = Release|Any CPU
		{B5D231C5-093C-4229-9929-35C0088113A9}.Debug|Any CPU.ActiveCfg = Debug|Any CPU
		{B5D231C5-093C-4229-9929-35C0088113A9}.Debug|Any CPU.Build.0 = Debug|Any CPU
		{B5D231C5-093C-4229-9929-35C0088113A9}.Debug|x64.ActiveCfg = Debug|Any CPU
		{B5D231C5-093C-4229-9929-35C0088113A9}.Debug|x64.Build.0 = Debug|Any CPU
		{B5D231C5-093C-4229-9929-35C0088113A9}.Debug|x86.ActiveCfg = Debug|Any CPU
		{B5D231C5-093C-4229-9929-35C0088113A9}.Debug|x86.Build.0 = Debug|Any CPU
		{B5D231C5-093C-4229-9929-35C0088113A9}.Release|Any CPU.ActiveCfg = Release|Any CPU
		{B5D231C5-093C-4229-9929-35C0088113A9}.Release|Any CPU.Build.0 = Release|Any CPU
		{B5D231C5-093C-4229-9929-35C0088113A9}.Release|x64.ActiveCfg = Release|Any CPU
		{B5D231C5-093C-4229-9929-35C0088113A9}.Release|x64.Build.0 = Release|Any CPU
		{B5D231C5-093C-4229-9929-35C0088113A9}.Release|x86.ActiveCfg = Release|Any CPU
		{B5D231C5-093C-4229-9929-35C0088113A9}.Release|x86.Build.0 = Release|Any CPU
		{BE427AFF-DCB9-4349-B173-F37DB37780C4}.Debug|Any CPU.ActiveCfg = Debug|Any CPU
		{BE427AFF-DCB9-4349-B173-F37DB37780C4}.Debug|Any CPU.Build.0 = Debug|Any CPU
		{BE427AFF-DCB9-4349-B173-F37DB37780C4}.Debug|x64.ActiveCfg = Debug|Any CPU
		{BE427AFF-DCB9-4349-B173-F37DB37780C4}.Debug|x64.Build.0 = Debug|Any CPU
		{BE427AFF-DCB9-4349-B173-F37DB37780C4}.Debug|x86.ActiveCfg = Debug|Any CPU
		{BE427AFF-DCB9-4349-B173-F37DB37780C4}.Debug|x86.Build.0 = Debug|Any CPU
		{BE427AFF-DCB9-4349-B173-F37DB37780C4}.Release|Any CPU.ActiveCfg = Release|Any CPU
		{BE427AFF-DCB9-4349-B173-F37DB37780C4}.Release|Any CPU.Build.0 = Release|Any CPU
		{BE427AFF-DCB9-4349-B173-F37DB37780C4}.Release|x64.ActiveCfg = Release|Any CPU
		{BE427AFF-DCB9-4349-B173-F37DB37780C4}.Release|x64.Build.0 = Release|Any CPU
		{BE427AFF-DCB9-4349-B173-F37DB37780C4}.Release|x86.ActiveCfg = Release|Any CPU
		{BE427AFF-DCB9-4349-B173-F37DB37780C4}.Release|x86.Build.0 = Release|Any CPU
		{B590794B-6E2A-4688-81ED-84B51C3A2485}.Debug|Any CPU.ActiveCfg = Debug|Any CPU
		{B590794B-6E2A-4688-81ED-84B51C3A2485}.Debug|Any CPU.Build.0 = Debug|Any CPU
		{B590794B-6E2A-4688-81ED-84B51C3A2485}.Debug|x64.ActiveCfg = Debug|Any CPU
		{B590794B-6E2A-4688-81ED-84B51C3A2485}.Debug|x64.Build.0 = Debug|Any CPU
		{B590794B-6E2A-4688-81ED-84B51C3A2485}.Debug|x86.ActiveCfg = Debug|Any CPU
		{B590794B-6E2A-4688-81ED-84B51C3A2485}.Debug|x86.Build.0 = Debug|Any CPU
		{B590794B-6E2A-4688-81ED-84B51C3A2485}.Release|Any CPU.ActiveCfg = Release|Any CPU
		{B590794B-6E2A-4688-81ED-84B51C3A2485}.Release|Any CPU.Build.0 = Release|Any CPU
		{B590794B-6E2A-4688-81ED-84B51C3A2485}.Release|x64.ActiveCfg = Release|Any CPU
		{B590794B-6E2A-4688-81ED-84B51C3A2485}.Release|x64.Build.0 = Release|Any CPU
		{B590794B-6E2A-4688-81ED-84B51C3A2485}.Release|x86.ActiveCfg = Release|Any CPU
		{B590794B-6E2A-4688-81ED-84B51C3A2485}.Release|x86.Build.0 = Release|Any CPU
		{BD39AD6B-2071-4A58-8AF1-D08923E215DA}.Debug|Any CPU.ActiveCfg = Debug|Any CPU
		{BD39AD6B-2071-4A58-8AF1-D08923E215DA}.Debug|Any CPU.Build.0 = Debug|Any CPU
		{BD39AD6B-2071-4A58-8AF1-D08923E215DA}.Debug|x64.ActiveCfg = Debug|Any CPU
		{BD39AD6B-2071-4A58-8AF1-D08923E215DA}.Debug|x64.Build.0 = Debug|Any CPU
		{BD39AD6B-2071-4A58-8AF1-D08923E215DA}.Debug|x86.ActiveCfg = Debug|Any CPU
		{BD39AD6B-2071-4A58-8AF1-D08923E215DA}.Debug|x86.Build.0 = Debug|Any CPU
		{BD39AD6B-2071-4A58-8AF1-D08923E215DA}.Release|Any CPU.ActiveCfg = Release|Any CPU
		{BD39AD6B-2071-4A58-8AF1-D08923E215DA}.Release|Any CPU.Build.0 = Release|Any CPU
		{BD39AD6B-2071-4A58-8AF1-D08923E215DA}.Release|x64.ActiveCfg = Release|Any CPU
		{BD39AD6B-2071-4A58-8AF1-D08923E215DA}.Release|x64.Build.0 = Release|Any CPU
		{BD39AD6B-2071-4A58-8AF1-D08923E215DA}.Release|x86.ActiveCfg = Release|Any CPU
		{BD39AD6B-2071-4A58-8AF1-D08923E215DA}.Release|x86.Build.0 = Release|Any CPU
		{7122BFED-C5D6-445D-9E9F-995085A252D6}.Debug|Any CPU.ActiveCfg = Debug|Any CPU
		{7122BFED-C5D6-445D-9E9F-995085A252D6}.Debug|Any CPU.Build.0 = Debug|Any CPU
		{7122BFED-C5D6-445D-9E9F-995085A252D6}.Debug|x64.ActiveCfg = Debug|Any CPU
		{7122BFED-C5D6-445D-9E9F-995085A252D6}.Debug|x64.Build.0 = Debug|Any CPU
		{7122BFED-C5D6-445D-9E9F-995085A252D6}.Debug|x86.ActiveCfg = Debug|Any CPU
		{7122BFED-C5D6-445D-9E9F-995085A252D6}.Debug|x86.Build.0 = Debug|Any CPU
		{7122BFED-C5D6-445D-9E9F-995085A252D6}.Release|Any CPU.ActiveCfg = Release|Any CPU
		{7122BFED-C5D6-445D-9E9F-995085A252D6}.Release|Any CPU.Build.0 = Release|Any CPU
		{7122BFED-C5D6-445D-9E9F-995085A252D6}.Release|x64.ActiveCfg = Release|Any CPU
		{7122BFED-C5D6-445D-9E9F-995085A252D6}.Release|x64.Build.0 = Release|Any CPU
		{7122BFED-C5D6-445D-9E9F-995085A252D6}.Release|x86.ActiveCfg = Release|Any CPU
		{7122BFED-C5D6-445D-9E9F-995085A252D6}.Release|x86.Build.0 = Release|Any CPU
		{5A5FADEE-B00D-4D4A-B3F6-A35589B98036}.Debug|Any CPU.ActiveCfg = Debug|Any CPU
		{5A5FADEE-B00D-4D4A-B3F6-A35589B98036}.Debug|Any CPU.Build.0 = Debug|Any CPU
		{5A5FADEE-B00D-4D4A-B3F6-A35589B98036}.Debug|x64.ActiveCfg = Debug|Any CPU
		{5A5FADEE-B00D-4D4A-B3F6-A35589B98036}.Debug|x64.Build.0 = Debug|Any CPU
		{5A5FADEE-B00D-4D4A-B3F6-A35589B98036}.Debug|x86.ActiveCfg = Debug|Any CPU
		{5A5FADEE-B00D-4D4A-B3F6-A35589B98036}.Debug|x86.Build.0 = Debug|Any CPU
		{5A5FADEE-B00D-4D4A-B3F6-A35589B98036}.Release|Any CPU.ActiveCfg = Release|Any CPU
		{5A5FADEE-B00D-4D4A-B3F6-A35589B98036}.Release|Any CPU.Build.0 = Release|Any CPU
		{5A5FADEE-B00D-4D4A-B3F6-A35589B98036}.Release|x64.ActiveCfg = Release|Any CPU
		{5A5FADEE-B00D-4D4A-B3F6-A35589B98036}.Release|x64.Build.0 = Release|Any CPU
		{5A5FADEE-B00D-4D4A-B3F6-A35589B98036}.Release|x86.ActiveCfg = Release|Any CPU
		{5A5FADEE-B00D-4D4A-B3F6-A35589B98036}.Release|x86.Build.0 = Release|Any CPU
	EndGlobalSection
	GlobalSection(SolutionProperties) = preSolution
		HideSolutionNode = FALSE
	EndGlobalSection
	GlobalSection(NestedProjects) = preSolution
		{2E76CDB8-708B-4E23-AAC2-E7C4BD6EC414} = {E858824F-044A-4E0D-B2A3-8BBB02E32830}
		{BCCD62AA-FA9C-46CA-9031-E413C4AD4506} = {E858824F-044A-4E0D-B2A3-8BBB02E32830}
		{BDB37D51-0CD8-44EE-B7FD-03E8B3815AF0} = {E93B9642-D425-49FA-A09B-59AF2B426157}
		{E66A9B6B-5B23-4472-AA06-0BC4F6EFBBE6} = {E93B9642-D425-49FA-A09B-59AF2B426157}
		{D0D288F4-868A-45BB-8839-814F09F379CC} = {E858824F-044A-4E0D-B2A3-8BBB02E32830}
		{C8AA522E-AB11-400A-B4B8-A03FC7D372FB} = {343FCEA4-CFEF-4701-9E60-683725DBC59E}
		{FF6A6889-7ED8-448D-93FC-5A9EE5BDB1E5} = {E858824F-044A-4E0D-B2A3-8BBB02E32830}
		{B5D231C5-093C-4229-9929-35C0088113A9} = {E93B9642-D425-49FA-A09B-59AF2B426157}
		{BE427AFF-DCB9-4349-B173-F37DB37780C4} = {E93B9642-D425-49FA-A09B-59AF2B426157}
		{B590794B-6E2A-4688-81ED-84B51C3A2485} = {8D7B3195-3943-4429-BB8F-3C4CA8179988}
		{BD39AD6B-2071-4A58-8AF1-D08923E215DA} = {8D7B3195-3943-4429-BB8F-3C4CA8179988}
		{7122BFED-C5D6-445D-9E9F-995085A252D6} = {8D7B3195-3943-4429-BB8F-3C4CA8179988}
		{5A5FADEE-B00D-4D4A-B3F6-A35589B98036} = {8D7B3195-3943-4429-BB8F-3C4CA8179988}
	EndGlobalSection
	GlobalSection(ExtensibilityGlobals) = postSolution
		SolutionGuid = {F6A1CFC7-8A6F-4C90-8572-DF5B0591FC18}
	EndGlobalSection
EndGlobal
